<?xml version="1.0" encoding="utf-8"?>
<Project ToolsVersion="4.0" xmlns="http://schemas.microsoft.com/developer/msbuild/2003">
  <ItemGroup>
    <Filter Include="Source Files">
      <UniqueIdentifier>{4FC737F1-C7A5-4376-A066-2A32D752A2FF}</UniqueIdentifier>
      <Extensions>cpp;c;cc;cxx;def;odl;idl;hpj;bat;asm;asmx</Extensions>
    </Filter>
    <Filter Include="Header Files">
      <UniqueIdentifier>{93995380-89BD-4b04-88EB-625FBE52EBFB}</UniqueIdentifier>
      <Extensions>h;hh;hpp;hxx;hm;inl;inc;xsd</Extensions>
    </Filter>
    <Filter Include="Resource Files">
      <UniqueIdentifier>{67DA6AB6-F800-4c08-8B7A-83BB121AAD01}</UniqueIdentifier>
      <Extensions>rc;ico;cur;bmp;dlg;rc2;rct;bin;rgs;gif;jpg;jpeg;jpe;resx;tiff;tif;png;wav</Extensions>
    </Filter>
  </ItemGroup>
  <ItemGroup>
    <ClCompile Include="..\eventListener.cpp">
      <Filter>Source Files</Filter>
    </ClCompile>
    <ClCompile Include="..\spViewer.cpp">
      <Filter>Source Files</Filter>
    </ClCompile>
    <ClCompile Include="..\spKeys.cpp">
      <Filter>Source Files</Filter>
    </ClCompile>
    <ClCompile Include="..\panoXML.cpp">
      <Filter>Source Files</Filter>
    </ClCompile>
    <ClCompile Include="..\loadPanos.cpp">
      <Filter>Source Files</Filter>
    </ClCompile>
    <ClCompile Include="..\keyHandler.cpp">
      <Filter>Source Files</Filter>
    </ClCompile>
    <ClCompile Include="..\ivSphere.cpp">
      <Filter>Source Files</Filter>
    </ClCompile>
    <ClCompile Include="..\tiles.cpp">
      <Filter>Source Files</Filter>
    </ClCompile>
    <ClCompile Include="..\eyeSeparation.cpp">
      <Filter>Source Files</Filter>
    </ClCompile>
  </ItemGroup>
  <ItemGroup>
    <ClInclude Include="..\AwesomiumImage.h">
      <Filter>Header Files</Filter>
    </ClInclude>
    <ClInclude Include="..\Control.h">
      <Filter>Header Files</Filter>
    </ClInclude>
    <ClInclude Include="..\eventListener.h">
      <Filter>Header Files</Filter>
    </ClInclude>
    <ClInclude Include="..\eyeSeparation.h">
      <Filter>Header Files</Filter>
    </ClInclude>
    <ClInclude Include="..\imageHandler.h">
      <Filter>Header Files</Filter>
    </ClInclude>
    <ClInclude Include="..\imageProcess.h">
      <Filter>Header Files</Filter>
    </ClInclude>
    <ClInclude Include="..\InteractiveHandler.h">
      <Filter>Header Files</Filter>
    </ClInclude>
    <ClInclude Include="..\ivSphere.h">
      <Filter>Header Files</Filter>
    </ClInclude>
    <ClInclude Include="..\js_delegate.h">
      <Filter>Header Files</Filter>
    </ClInclude>
    <ClInclude Include="..\keyHandler.h">
      <Filter>Header Files</Filter>
    </ClInclude>
    <ClInclude Include="..\loadPanos.h">
      <Filter>Header Files</Filter>
    </ClInclude>
    <ClInclude Include="..\Menu.h">
      <Filter>Header Files</Filter>
    </ClInclude>
    <ClInclude Include="..\MenuHandler.h">
      <Filter>Header Files</Filter>
    </ClInclude>
    <ClInclude Include="..\MethodDispatcher.h">
      <Filter>Header Files</Filter>
    </ClInclude>
    <ClInclude Include="..\Panorama.h">
      <Filter>Header Files</Filter>
    </ClInclude>
    <ClInclude Include="..\panoXML.h">
      <Filter>Header Files</Filter>
    </ClInclude>
    <ClInclude Include="..\screenshot.h">
      <Filter>Header Files</Filter>
    </ClInclude>
    <ClInclude Include="..\spKeys.h">
      <Filter>Header Files</Filter>
    </ClInclude>
    <ClInclude Include="..\tiles.h">
      <Filter>Header Files</Filter>
    </ClInclude>
    <ClInclude Include="..\XmlReader.h">
      <Filter>Header Files</Filter>
    </ClInclude>
    <ClInclude Include="..\xmls\Control.h">
      <Filter>Header Files</Filter>
    </ClInclude>
    <ClInclude Include="..\xmls\Panorama.h">
      <Filter>Header Files</Filter>
    </ClInclude>
    <ClInclude Include="..\xmls\tiles.h">
      <Filter>Header Files</Filter>
    </ClInclude>
    <ClInclude Include="..\xmls\XmlReader.h">
      <Filter>Header Files</Filter>
    </ClInclude>
    <ClInclude Include="resource.h">
      <Filter>Header Files</Filter>
    </ClInclude>
  </ItemGroup>
  <ItemGroup>
    <None Include="..\a.html" />
    <None Include="..\menu.html" />
    <None Include="..\xmls\a.html" />
  </ItemGroup>
  <ItemGroup>
    <ResourceCompile Include="spviewer.rc">
      <Filter>Resource Files</Filter>
    </ResourceCompile>
  </ItemGroup>
</Project>